# This file is automatically @generated by Cargo.
# It is not intended for manual editing.
version = 4

[[package]]
name = "kernel"
version = "0.1.0"
dependencies = [
 "sbi",
]

[[package]]
name = "sbi"
version = "0.3.0"
source = "registry+https://github.com/rust-lang/crates.io-index"
checksum = "5c64a569a412de4ad7b123f429e434751d74dd7ed25654af962b93c4d1cd584e"
